
Microsoft Visual Studio Solution File, Format Version 12.00
# Visual Studio Version 16
VisualStudioVersion = 16.0.31205.134
MinimumVisualStudioVersion = 10.0.40219.1
Project("{888888A0-9F3D-457C-B088-3A5042F75D52}") = "gra na ti", "gra na ti.pyproj", "{1292588B-6EDB-4C81-A843-5003A6046384}"
EndProject
Global
	GlobalSection(SolutionConfigurationPlatforms) = preSolution
		Debug|Any CPU = Debug|Any CPU
		Release|Any CPU = Release|Any CPU
	EndGlobalSection
	GlobalSection(ProjectConfigurationPlatforms) = postSolution
		{1292588B-6EDB-4C81-A843-5003A6046384}.Debug|Any CPU.ActiveCfg = Debug|Any CPU
		{1292588B-6EDB-4C81-A843-5003A6046384}.Release|Any CPU.ActiveCfg = Release|Any CPU
	EndGlobalSection
	GlobalSection(SolutionProperties) = preSolution
		HideSolutionNode = FALSE
	EndGlobalSection
	GlobalSection(ExtensibilityGlobals) = postSolution
		SolutionGuid = {5BB985E6-2D06-4E69-8419-2CE07112DF5B}
	EndGlobalSection
EndGlobal
